
Microsoft Visual Studio Solution File, Format Version 12.00
# Visual Studio Version 17
VisualStudioVersion = 17.8.34330.188
MinimumVisualStudioVersion = 10.0.40219.1
Project("{FAE04EC0-301F-11D3-BF4B-00C04F79EFBC}") = "BookAPI", "BookAPI\BookAPI.csproj", "{B0A5E5F6-1E3E-483C-82DE-09AC47D50BA3}"
EndProject
Project("{FAE04EC0-301F-11D3-BF4B-00C04F79EFBC}") = "BookClient", "BookClient\BookClient.csproj", "{D4EC3C04-8D36-441D-BC34-22C1FDD3B688}"
EndProject
Global
	GlobalSection(SolutionConfigurationPlatforms) = preSolution
		Debug|Any CPU = Debug|Any CPU
		Release|Any CPU = Release|Any CPU
	EndGlobalSection
	GlobalSection(ProjectConfigurationPlatforms) = postSolution
		{B0A5E5F6-1E3E-483C-82DE-09AC47D50BA3}.Debug|Any CPU.ActiveCfg = Debug|Any CPU
		{B0A5E5F6-1E3E-483C-82DE-09AC47D50BA3}.Debug|Any CPU.Build.0 = Debug|Any CPU
		{B0A5E5F6-1E3E-483C-82DE-09AC47D50BA3}.Release|Any CPU.ActiveCfg = Release|Any CPU
		{B0A5E5F6-1E3E-483C-82DE-09AC47D50BA3}.Release|Any CPU.Build.0 = Release|Any CPU
		{D4EC3C04-8D36-441D-BC34-22C1FDD3B688}.Debug|Any CPU.ActiveCfg = Debug|Any CPU
		{D4EC3C04-8D36-441D-BC34-22C1FDD3B688}.Debug|Any CPU.Build.0 = Debug|Any CPU
		{D4EC3C04-8D36-441D-BC34-22C1FDD3B688}.Release|Any CPU.ActiveCfg = Release|Any CPU
		{D4EC3C04-8D36-441D-BC34-22C1FDD3B688}.Release|Any CPU.Build.0 = Release|Any CPU
	EndGlobalSection
	GlobalSection(SolutionProperties) = preSolution
		HideSolutionNode = FALSE
	EndGlobalSection
	GlobalSection(ExtensibilityGlobals) = postSolution
		SolutionGuid = {0A067B7B-4405-46F5-BCDD-965276C50E07}
	EndGlobalSection
EndGlobal
